
Microsoft Visual Studio Solution File, Format Version 12.00
# Visual Studio 15
VisualStudioVersion = 15.0.28010.2041
MinimumVisualStudioVersion = 10.0.40219.1
Project("{FAE04EC0-301F-11D3-BF4B-00C04F79EFBC}") = "Northwind.WebAPI", "Northwind.WebAPI\Northwind.WebAPI.csproj", "{C9ABA935-898E-4322-B91A-1EB0238FDF6D}"
EndProject
Project("{FAE04EC0-301F-11D3-BF4B-00C04F79EFBC}") = "Northwind.WebAPI.Tests", "Northwind.WebAPI.Tests\Northwind.WebAPI.Tests.csproj", "{F27469E7-2C1D-4698-B522-9A97C8772C1D}"
EndProject
Global
	GlobalSection(SolutionConfigurationPlatforms) = preSolution
		Debug|Any CPU = Debug|Any CPU
		Release|Any CPU = Release|Any CPU
	EndGlobalSection
	GlobalSection(ProjectConfigurationPlatforms) = postSolution
		{C9ABA935-898E-4322-B91A-1EB0238FDF6D}.Debug|Any CPU.ActiveCfg = Debug|Any CPU
		{C9ABA935-898E-4322-B91A-1EB0238FDF6D}.Debug|Any CPU.Build.0 = Debug|Any CPU
		{C9ABA935-898E-4322-B91A-1EB0238FDF6D}.Release|Any CPU.ActiveCfg = Release|Any CPU
		{C9ABA935-898E-4322-B91A-1EB0238FDF6D}.Release|Any CPU.Build.0 = Release|Any CPU
		{F27469E7-2C1D-4698-B522-9A97C8772C1D}.Debug|Any CPU.ActiveCfg = Debug|Any CPU
		{F27469E7-2C1D-4698-B522-9A97C8772C1D}.Debug|Any CPU.Build.0 = Debug|Any CPU
		{F27469E7-2C1D-4698-B522-9A97C8772C1D}.Release|Any CPU.ActiveCfg = Release|Any CPU
		{F27469E7-2C1D-4698-B522-9A97C8772C1D}.Release|Any CPU.Build.0 = Release|Any CPU
	EndGlobalSection
	GlobalSection(SolutionProperties) = preSolution
		HideSolutionNode = FALSE
	EndGlobalSection
	GlobalSection(ExtensibilityGlobals) = postSolution
		SolutionGuid = {260B1CAF-011B-49E9-B6B5-CAFC7041DAE2}
	EndGlobalSection
EndGlobal
